// !$*UTF8*$!
{
	archiveVersion = 1;
	classes = {
	};
	objectVersion = 50;
	objects = {

/* Begin PBXBuildFile section */
		00359D28238EB53D0076E82F /* CoreFoundation.framework in Frameworks */ = {isa = PBXBuildFile; fileRef = 00359D27238EB53C0076E82F /* CoreFoundation.framework */; };
		00359D2A238EB54E0076E82F /* CoreGraphics.framework in Frameworks */ = {isa = PBXBuildFile; fileRef = 00359D29238EB54E0076E82F /* CoreGraphics.framework */; };
		00359D2C238EB5600076E82F /* IOKit.framework in Frameworks */ = {isa = PBXBuildFile; fileRef = 00359D2B238EB5600076E82F /* IOKit.framework */; };
		00359D2E238EB56A0076E82F /* IOSurface.framework in Frameworks */ = {isa = PBXBuildFile; fileRef = 00359D2D238EB56A0076E82F /* IOSurface.framework */; settings = {ATTRIBUTES = (Required, ); }; };
		00359D30238EB5780076E82F /* Metal.framework in Frameworks */ = {isa = PBXBuildFile; fileRef = 00359D2F238EB5780076E82F /* Metal.framework */; };
		00359D32238EB58D0076E82F /* Foundation.framework in Frameworks */ = {isa = PBXBuildFile; fileRef = 00359D31238EB58D0076E82F /* Foundation.framework */; };
		00359D34238EB5D70076E82F /* AppKit.framework in Frameworks */ = {isa = PBXBuildFile; fileRef = 00359D33238EB5D70076E82F /* AppKit.framework */; };
		00359D36238EB65A0076E82F /* QuartzCore.framework in Frameworks */ = {isa = PBXBuildFile; fileRef = 00359D35238EB65A0076E82F /* QuartzCore.framework */; };
		00470909238218AA0018D488 /* SDL2.framework in Frameworks */ = {isa = PBXBuildFile; fileRef = 00470908238218AA0018D488 /* SDL2.framework */; };
		0076592723D9C2520077EE10 /* graphics_get.cpp in Sources */ = {isa = PBXBuildFile; fileRef = 0076591B23D9C2520077EE10 /* graphics_get.cpp */; };
		0076592823D9C2520077EE10 /* graphics_get.cpp in Sources */ = {isa = PBXBuildFile; fileRef = 0076591B23D9C2520077EE10 /* graphics_get.cpp */; };
		0076592923D9C2520077EE10 /* graphics_misc.cpp in Sources */ = {isa = PBXBuildFile; fileRef = 0076591C23D9C2520077EE10 /* graphics_misc.cpp */; };
		0076592A23D9C2520077EE10 /* graphics_misc.cpp in Sources */ = {isa = PBXBuildFile; fileRef = 0076591C23D9C2520077EE10 /* graphics_misc.cpp */; };
		0076592B23D9C2520077EE10 /* input.cpp in Sources */ = {isa = PBXBuildFile; fileRef = 0076591D23D9C2520077EE10 /* input.cpp */; };
		0076592C23D9C2520077EE10 /* input.cpp in Sources */ = {isa = PBXBuildFile; fileRef = 0076591D23D9C2520077EE10 /* input.cpp */; };
		0076592D23D9C2520077EE10 /* scene.cpp in Sources */ = {isa = PBXBuildFile; fileRef = 0076591E23D9C2520077EE10 /* scene.cpp */; };
		0076592E23D9C2520077EE10 /* scene.cpp in Sources */ = {isa = PBXBuildFile; fileRef = 0076591E23D9C2520077EE10 /* scene.cpp */; };
		0076592F23D9C2520077EE10 /* GraphicsPipeline.cpp in Sources */ = {isa = PBXBuildFile; fileRef = 0076591F23D9C2520077EE10 /* GraphicsPipeline.cpp */; };
		0076593023D9C2520077EE10 /* GraphicsPipeline.cpp in Sources */ = {isa = PBXBuildFile; fileRef = 0076591F23D9C2520077EE10 /* GraphicsPipeline.cpp */; };
		0076593123D9C2520077EE10 /* graphics_create.cpp in Sources */ = {isa = PBXBuildFile; fileRef = 0076592023D9C2520077EE10 /* graphics_create.cpp */; };
		0076593223D9C2520077EE10 /* graphics_create.cpp in Sources */ = {isa = PBXBuildFile; fileRef = 0076592023D9C2520077EE10 /* graphics_create.cpp */; };
		0076593323D9C2520077EE10 /* DrawCall.cpp in Sources */ = {isa = PBXBuildFile; fileRef = 0076592423D9C2520077EE10 /* DrawCall.cpp */; };
		0076593423D9C2520077EE10 /* DrawCall.cpp in Sources */ = {isa = PBXBuildFile; fileRef = 0076592423D9C2520077EE10 /* DrawCall.cpp */; };
		0076593523D9C2520077EE10 /* main.cpp in Sources */ = {isa = PBXBuildFile; fileRef = 0076592523D9C2520077EE10 /* main.cpp */; };
		0076593623D9C2520077EE10 /* main.cpp in Sources */ = {isa = PBXBuildFile; fileRef = 0076592523D9C2520077EE10 /* main.cpp */; };
		008D37EA238F16AB00336F14 /* QuartzCore.framework in Frameworks */ = {isa = PBXBuildFile; fileRef = 00359D35238EB65A0076E82F /* QuartzCore.framework */; };
		008D37EB238F16AB00336F14 /* AppKit.framework in Frameworks */ = {isa = PBXBuildFile; fileRef = 00359D33238EB5D70076E82F /* AppKit.framework */; };
		008D37EC238F16AB00336F14 /* Foundation.framework in Frameworks */ = {isa = PBXBuildFile; fileRef = 00359D31238EB58D0076E82F /* Foundation.framework */; };
		008D37ED238F16AB00336F14 /* Metal.framework in Frameworks */ = {isa = PBXBuildFile; fileRef = 00359D2F238EB5780076E82F /* Metal.framework */; };
		008D37EE238F16AB00336F14 /* IOSurface.framework in Frameworks */ = {isa = PBXBuildFile; fileRef = 00359D2D238EB56A0076E82F /* IOSurface.framework */; settings = {ATTRIBUTES = (Required, ); }; };
		008D37EF238F16AB00336F14 /* MoltenVK.framework in Frameworks */ = {isa = PBXBuildFile; fileRef = 008D37CB238F129F00336F14 /* MoltenVK.framework */; settings = {ATTRIBUTES = (Required, ); }; };
		008D37F0238F16AB00336F14 /* IOKit.framework in Frameworks */ = {isa = PBXBuildFile; fileRef = 00359D2B238EB5600076E82F /* IOKit.framework */; };
		008D37F1238F16AB00336F14 /* CoreGraphics.framework in Frameworks */ = {isa = PBXBuildFile; fileRef = 00359D29238EB54E0076E82F /* CoreGraphics.framework */; };
		008D37F2238F16AB00336F14 /* CoreFoundation.framework in Frameworks */ = {isa = PBXBuildFile; fileRef = 00359D27238EB53C0076E82F /* CoreFoundation.framework */; };
		008D37F3238F16AB00336F14 /* SDL2.framework in Frameworks */ = {isa = PBXBuildFile; fileRef = 00470908238218AA0018D488 /* SDL2.framework */; };
		008D37F4238F16AB00336F14 /* vulkan.framework in Frameworks */ = {isa = PBXBuildFile; fileRef = 0036EB352382A71D008538A6 /* vulkan.framework */; };
		008D37F6238F16AB00336F14 /* assets in Resources */ = {isa = PBXBuildFile; fileRef = 00F10F3A23848EA900C328BF /* assets */; };
		008D37F8238F16AB00336F14 /* SDL2.framework in Copy Frameworks */ = {isa = PBXBuildFile; fileRef = 00470908238218AA0018D488 /* SDL2.framework */; settings = {ATTRIBUTES = (CodeSignOnCopy, RemoveHeadersOnCopy, ); }; };
		008D37F9238F16AB00336F14 /* vulkan.framework in Copy Frameworks */ = {isa = PBXBuildFile; fileRef = 0036EB352382A71D008538A6 /* vulkan.framework */; settings = {ATTRIBUTES = (CodeSignOnCopy, RemoveHeadersOnCopy, ); }; };
		00C1FBCF238EBB860007F048 /* vulkan.framework in Frameworks */ = {isa = PBXBuildFile; fileRef = 0036EB352382A71D008538A6 /* vulkan.framework */; };
		00C1FBD4238EBC8F0007F048 /* SDL2.framework in Copy Frameworks */ = {isa = PBXBuildFile; fileRef = 00470908238218AA0018D488 /* SDL2.framework */; settings = {ATTRIBUTES = (CodeSignOnCopy, RemoveHeadersOnCopy, ); }; };
		00C1FBD5238EBC9F0007F048 /* vulkan.framework in Copy Frameworks */ = {isa = PBXBuildFile; fileRef = 0036EB352382A71D008538A6 /* vulkan.framework */; settings = {ATTRIBUTES = (CodeSignOnCopy, RemoveHeadersOnCopy, ); }; };
		00F10F3B23848EA900C328BF /* assets in Resources */ = {isa = PBXBuildFile; fileRef = 00F10F3A23848EA900C328BF /* assets */; };
/* End PBXBuildFile section */

/* Begin PBXCopyFilesBuildPhase section */
		0047090A238219140018D488 /* Copy Frameworks */ = {
			isa = PBXCopyFilesBuildPhase;
			buildActionMask = 2147483647;
			dstPath = "";
			dstSubfolderSpec = 10;
			files = (
				00C1FBD4238EBC8F0007F048 /* SDL2.framework in Copy Frameworks */,
				00C1FBD5238EBC9F0007F048 /* vulkan.framework in Copy Frameworks */,
			);
			name = "Copy Frameworks";
			runOnlyForDeploymentPostprocessing = 0;
		};
		008D37F7238F16AB00336F14 /* Copy Frameworks */ = {
			isa = PBXCopyFilesBuildPhase;
			buildActionMask = 2147483647;
			dstPath = "";
			dstSubfolderSpec = 10;
			files = (
				008D37F8238F16AB00336F14 /* SDL2.framework in Copy Frameworks */,
				008D37F9238F16AB00336F14 /* vulkan.framework in Copy Frameworks */,
			);
			name = "Copy Frameworks";
			runOnlyForDeploymentPostprocessing = 0;
		};
/* End PBXCopyFilesBuildPhase section */

/* Begin PBXFileReference section */
		001D32B7238217CF001A68C7 /* Debug.app */ = {isa = PBXFileReference; explicitFileType = wrapper.application; includeInIndex = 0; path = Debug.app; sourceTree = BUILT_PRODUCTS_DIR; };
		001D32C2238217D1001A68C7 /* Info.plist */ = {isa = PBXFileReference; lastKnownFileType = text.plist.xml; path = Info.plist; sourceTree = "<group>"; };
		00359D27238EB53C0076E82F /* CoreFoundation.framework */ = {isa = PBXFileReference; lastKnownFileType = wrapper.framework; name = CoreFoundation.framework; path = System/Library/Frameworks/CoreFoundation.framework; sourceTree = SDKROOT; };
		00359D29238EB54E0076E82F /* CoreGraphics.framework */ = {isa = PBXFileReference; lastKnownFileType = wrapper.framework; name = CoreGraphics.framework; path = System/Library/Frameworks/CoreGraphics.framework; sourceTree = SDKROOT; };
		00359D2B238EB5600076E82F /* IOKit.framework */ = {isa = PBXFileReference; lastKnownFileType = wrapper.framework; name = IOKit.framework; path = System/Library/Frameworks/IOKit.framework; sourceTree = SDKROOT; };
		00359D2D238EB56A0076E82F /* IOSurface.framework */ = {isa = PBXFileReference; lastKnownFileType = wrapper.framework; name = IOSurface.framework; path = System/Library/Frameworks/IOSurface.framework; sourceTree = SDKROOT; };
		00359D2F238EB5780076E82F /* Metal.framework */ = {isa = PBXFileReference; lastKnownFileType = wrapper.framework; name = Metal.framework; path = System/Library/Frameworks/Metal.framework; sourceTree = SDKROOT; };
		00359D31238EB58D0076E82F /* Foundation.framework */ = {isa = PBXFileReference; lastKnownFileType = wrapper.framework; name = Foundation.framework; path = System/Library/Frameworks/Foundation.framework; sourceTree = SDKROOT; };
		00359D33238EB5D70076E82F /* AppKit.framework */ = {isa = PBXFileReference; lastKnownFileType = wrapper.framework; name = AppKit.framework; path = System/Library/Frameworks/AppKit.framework; sourceTree = SDKROOT; };
		00359D35238EB65A0076E82F /* QuartzCore.framework */ = {isa = PBXFileReference; lastKnownFileType = wrapper.framework; name = QuartzCore.framework; path = System/Library/Frameworks/QuartzCore.framework; sourceTree = SDKROOT; };
		0036EB352382A71D008538A6 /* vulkan.framework */ = {isa = PBXFileReference; lastKnownFileType = wrapper.framework; path = vulkan.framework; sourceTree = SOURCE_ROOT; };
		00470908238218AA0018D488 /* SDL2.framework */ = {isa = PBXFileReference; lastKnownFileType = wrapper.framework; path = SDL2.framework; sourceTree = SOURCE_ROOT; };
		0076591923D9C2520077EE10 /* main.h */ = {isa = PBXFileReference; fileEncoding = 4; lastKnownFileType = sourcecode.c.h; path = main.h; sourceTree = "<group>"; };
		0076591A23D9C2520077EE10 /* input.h */ = {isa = PBXFileReference; fileEncoding = 4; lastKnownFileType = sourcecode.c.h; path = input.h; sourceTree = "<group>"; };
		0076591B23D9C2520077EE10 /* graphics_get.cpp */ = {isa = PBXFileReference; fileEncoding = 4; lastKnownFileType = sourcecode.cpp.cpp; path = graphics_get.cpp; sourceTree = "<group>"; };
		0076591C23D9C2520077EE10 /* graphics_misc.cpp */ = {isa = PBXFileReference; fileEncoding = 4; lastKnownFileType = sourcecode.cpp.cpp; path = graphics_misc.cpp; sourceTree = "<group>"; };
		0076591D23D9C2520077EE10 /* input.cpp */ = {isa = PBXFileReference; fileEncoding = 4; lastKnownFileType = sourcecode.cpp.cpp; path = input.cpp; sourceTree = "<group>"; };
		0076591E23D9C2520077EE10 /* scene.cpp */ = {isa = PBXFileReference; fileEncoding = 4; lastKnownFileType = sourcecode.cpp.cpp; path = scene.cpp; sourceTree = "<group>"; };
		0076591F23D9C2520077EE10 /* GraphicsPipeline.cpp */ = {isa = PBXFileReference; fileEncoding = 4; lastKnownFileType = sourcecode.cpp.cpp; path = GraphicsPipeline.cpp; sourceTree = "<group>"; };
		0076592023D9C2520077EE10 /* graphics_create.cpp */ = {isa = PBXFileReference; fileEncoding = 4; lastKnownFileType = sourcecode.cpp.cpp; path = graphics_create.cpp; sourceTree = "<group>"; };
		0076592123D9C2520077EE10 /* GraphicsPipeline.h */ = {isa = PBXFileReference; fileEncoding = 4; lastKnownFileType = sourcecode.c.h; path = GraphicsPipeline.h; sourceTree = "<group>"; };
		0076592223D9C2520077EE10 /* DrawCall.h */ = {isa = PBXFileReference; fileEncoding = 4; lastKnownFileType = sourcecode.c.h; path = DrawCall.h; sourceTree = "<group>"; };
		0076592323D9C2520077EE10 /* graphics.h */ = {isa = PBXFileReference; fileEncoding = 4; lastKnownFileType = sourcecode.c.h; path = graphics.h; sourceTree = "<group>"; };
		0076592423D9C2520077EE10 /* DrawCall.cpp */ = {isa = PBXFileReference; fileEncoding = 4; lastKnownFileType = sourcecode.cpp.cpp; path = DrawCall.cpp; sourceTree = "<group>"; };
		0076592523D9C2520077EE10 /* main.cpp */ = {isa = PBXFileReference; fileEncoding = 4; lastKnownFileType = sourcecode.cpp.cpp; path = main.cpp; sourceTree = "<group>"; };
		0076592623D9C2520077EE10 /* scene.h */ = {isa = PBXFileReference; fileEncoding = 4; lastKnownFileType = sourcecode.c.h; path = scene.h; sourceTree = "<group>"; };
		008D37CB238F129F00336F14 /* MoltenVK.framework */ = {isa = PBXFileReference; lastKnownFileType = wrapper.framework; path = MoltenVK.framework; sourceTree = SOURCE_ROOT; };
		008D37FD238F16AB00336F14 /* Release.app */ = {isa = PBXFileReference; explicitFileType = wrapper.application; includeInIndex = 0; path = Release.app; sourceTree = BUILT_PRODUCTS_DIR; };
		008D37FE238F16AB00336F14 /* LightAndShadow - Debug copy-Info.plist */ = {isa = PBXFileReference; lastKnownFileType = text.plist.xml; name = "LightAndShadow - Debug copy-Info.plist"; path = "/Users/robin/Desktop/y3/LightAndShadow/code/platforms/macos/LightAndShadow - Debug copy-Info.plist"; sourceTree = "<absolute>"; };
		00F10F3A23848EA900C328BF /* assets */ = {isa = PBXFileReference; lastKnownFileType = folder; name = assets; path = ../../assets; sourceTree = "<group>"; };
/* End PBXFileReference section */

/* Begin PBXFrameworksBuildPhase section */
		001D32B4238217CF001A68C7 /* Frameworks */ = {
			isa = PBXFrameworksBuildPhase;
			buildActionMask = 2147483647;
			files = (
				00359D36238EB65A0076E82F /* QuartzCore.framework in Frameworks */,
				00359D34238EB5D70076E82F /* AppKit.framework in Frameworks */,
				00359D32238EB58D0076E82F /* Foundation.framework in Frameworks */,
				00359D30238EB5780076E82F /* Metal.framework in Frameworks */,
				00359D2E238EB56A0076E82F /* IOSurface.framework in Frameworks */,
				00359D2C238EB5600076E82F /* IOKit.framework in Frameworks */,
				00359D2A238EB54E0076E82F /* CoreGraphics.framework in Frameworks */,
				00359D28238EB53D0076E82F /* CoreFoundation.framework in Frameworks */,
				00470909238218AA0018D488 /* SDL2.framework in Frameworks */,
				00C1FBCF238EBB860007F048 /* vulkan.framework in Frameworks */,
			);
			runOnlyForDeploymentPostprocessing = 0;
		};
		008D37E9238F16AB00336F14 /* Frameworks */ = {
			isa = PBXFrameworksBuildPhase;
			buildActionMask = 2147483647;
			files = (
				008D37EA238F16AB00336F14 /* QuartzCore.framework in Frameworks */,
				008D37EB238F16AB00336F14 /* AppKit.framework in Frameworks */,
				008D37EC238F16AB00336F14 /* Foundation.framework in Frameworks */,
				008D37ED238F16AB00336F14 /* Metal.framework in Frameworks */,
				008D37EE238F16AB00336F14 /* IOSurface.framework in Frameworks */,
				008D37EF238F16AB00336F14 /* MoltenVK.framework in Frameworks */,
				008D37F0238F16AB00336F14 /* IOKit.framework in Frameworks */,
				008D37F1238F16AB00336F14 /* CoreGraphics.framework in Frameworks */,
				008D37F2238F16AB00336F14 /* CoreFoundation.framework in Frameworks */,
				008D37F3238F16AB00336F14 /* SDL2.framework in Frameworks */,
				008D37F4238F16AB00336F14 /* vulkan.framework in Frameworks */,
			);
			runOnlyForDeploymentPostprocessing = 0;
		};
/* End PBXFrameworksBuildPhase section */

/* Begin PBXGroup section */
		001D32AE238217CF001A68C7 = {
			isa = PBXGroup;
			children = (
				0076591823D9C2520077EE10 /* cpp */,
				00F10F3A23848EA900C328BF /* assets */,
				001D32B9238217CF001A68C7 /* LightAndShadow */,
				001D32B8238217CF001A68C7 /* Products */,
				00359D24238EB4E10076E82F /* Frameworks */,
				008D37FE238F16AB00336F14 /* LightAndShadow - Debug copy-Info.plist */,
			);
			sourceTree = "<group>";
		};
		001D32B8238217CF001A68C7 /* Products */ = {
			isa = PBXGroup;
			children = (
				001D32B7238217CF001A68C7 /* Debug.app */,
				008D37FD238F16AB00336F14 /* Release.app */,
			);
			name = Products;
			sourceTree = "<group>";
		};
		001D32B9238217CF001A68C7 /* LightAndShadow */ = {
			isa = PBXGroup;
			children = (
				008D37CB238F129F00336F14 /* MoltenVK.framework */,
				0036EB352382A71D008538A6 /* vulkan.framework */,
				00470908238218AA0018D488 /* SDL2.framework */,
				001D32C2238217D1001A68C7 /* Info.plist */,
			);
			path = LightAndShadow;
			sourceTree = "<group>";
		};
		00359D24238EB4E10076E82F /* Frameworks */ = {
			isa = PBXGroup;
			children = (
				00359D35238EB65A0076E82F /* QuartzCore.framework */,
				00359D33238EB5D70076E82F /* AppKit.framework */,
				00359D31238EB58D0076E82F /* Foundation.framework */,
				00359D2F238EB5780076E82F /* Metal.framework */,
				00359D2D238EB56A0076E82F /* IOSurface.framework */,
				00359D2B238EB5600076E82F /* IOKit.framework */,
				00359D29238EB54E0076E82F /* CoreGraphics.framework */,
				00359D27238EB53C0076E82F /* CoreFoundation.framework */,
			);
			name = Frameworks;
			sourceTree = "<group>";
		};
		0076591823D9C2520077EE10 /* cpp */ = {
			isa = PBXGroup;
			children = (
				0076591923D9C2520077EE10 /* main.h */,
				0076591A23D9C2520077EE10 /* input.h */,
				0076591B23D9C2520077EE10 /* graphics_get.cpp */,
				0076591C23D9C2520077EE10 /* graphics_misc.cpp */,
				0076591D23D9C2520077EE10 /* input.cpp */,
				0076591E23D9C2520077EE10 /* scene.cpp */,
				0076591F23D9C2520077EE10 /* GraphicsPipeline.cpp */,
				0076592023D9C2520077EE10 /* graphics_create.cpp */,
				0076592123D9C2520077EE10 /* GraphicsPipeline.h */,
				0076592223D9C2520077EE10 /* DrawCall.h */,
				0076592323D9C2520077EE10 /* graphics.h */,
				0076592423D9C2520077EE10 /* DrawCall.cpp */,
				0076592523D9C2520077EE10 /* main.cpp */,
				0076592623D9C2520077EE10 /* scene.h */,
			);
			name = cpp;
			path = ../../cpp;
			sourceTree = "<group>";
		};
/* End PBXGroup section */

/* Begin PBXNativeTarget section */
		001D32B6238217CF001A68C7 /* Debug */ = {
			isa = PBXNativeTarget;
			buildConfigurationList = 001D32C8238217D1001A68C7 /* Build configuration list for PBXNativeTarget "Debug" */;
			buildPhases = (
				001D32B3238217CF001A68C7 /* Sources */,
				00EE525E238710D000F48749 /* ShellScript */,
				001D32B4238217CF001A68C7 /* Frameworks */,
				001D32B5238217CF001A68C7 /* Resources */,
				0047090A238219140018D488 /* Copy Frameworks */,
			);
			buildRules = (
			);
			dependencies = (
			);
			name = Debug;
			productName = LightAndShadow;
			productReference = 001D32B7238217CF001A68C7 /* Debug.app */;
			productType = "com.apple.product-type.application";
		};
		008D37E2238F16AB00336F14 /* Release */ = {
			isa = PBXNativeTarget;
			buildConfigurationList = 008D37FA238F16AB00336F14 /* Build configuration list for PBXNativeTarget "Release" */;
			buildPhases = (
				008D37E3238F16AB00336F14 /* Sources */,
				008D37E8238F16AB00336F14 /* ShellScript */,
				008D37E9238F16AB00336F14 /* Frameworks */,
				008D37F5238F16AB00336F14 /* Resources */,
				008D37F7238F16AB00336F14 /* Copy Frameworks */,
			);
			buildRules = (
			);
			dependencies = (
			);
			name = Release;
			productName = LightAndShadow;
			productReference = 008D37FD238F16AB00336F14 /* Release.app */;
			productType = "com.apple.product-type.application";
		};
/* End PBXNativeTarget section */

/* Begin PBXProject section */
		001D32AF238217CF001A68C7 /* Project object */ = {
			isa = PBXProject;
			attributes = {
				LastUpgradeCheck = 1100;
				ORGANIZATIONNAME = "Robin Wragg";
				TargetAttributes = {
					001D32B6238217CF001A68C7 = {
						CreatedOnToolsVersion = 11.0;
					};
				};
			};
			buildConfigurationList = 001D32B2238217CF001A68C7 /* Build configuration list for PBXProject "LightAndShadow" */;
			compatibilityVersion = "Xcode 9.3";
			developmentRegion = en;
			hasScannedForEncodings = 0;
			knownRegions = (
				en,
				Base,
			);
			mainGroup = 001D32AE238217CF001A68C7;
			productRefGroup = 001D32B8238217CF001A68C7 /* Products */;
			projectDirPath = "";
			projectRoot = "";
			targets = (
				001D32B6238217CF001A68C7 /* Debug */,
				008D37E2238F16AB00336F14 /* Release */,
			);
		};
/* End PBXProject section */

/* Begin PBXResourcesBuildPhase section */
		001D32B5238217CF001A68C7 /* Resources */ = {
			isa = PBXResourcesBuildPhase;
			buildActionMask = 2147483647;
			files = (
				00F10F3B23848EA900C328BF /* assets in Resources */,
			);
			runOnlyForDeploymentPostprocessing = 0;
		};
		008D37F5238F16AB00336F14 /* Resources */ = {
			isa = PBXResourcesBuildPhase;
			buildActionMask = 2147483647;
			files = (
				008D37F6238F16AB00336F14 /* assets in Resources */,
			);
			runOnlyForDeploymentPostprocessing = 0;
		};
/* End PBXResourcesBuildPhase section */

/* Begin PBXShellScriptBuildPhase section */
		008D37E8238F16AB00336F14 /* ShellScript */ = {
			isa = PBXShellScriptBuildPhase;
			buildActionMask = 2147483647;
			files = (
			);
			inputFileListPaths = (
			);
			inputPaths = (
			);
			outputFileListPaths = (
			);
			outputPaths = (
			);
			runOnlyForDeploymentPostprocessing = 0;
			shellPath = /bin/sh;
			shellScript = "python3 compile_shaders.py\n";
		};
		00EE525E238710D000F48749 /* ShellScript */ = {
			isa = PBXShellScriptBuildPhase;
			buildActionMask = 2147483647;
			files = (
			);
			inputFileListPaths = (
			);
			inputPaths = (
			);
			outputFileListPaths = (
			);
			outputPaths = (
			);
			runOnlyForDeploymentPostprocessing = 0;
			shellPath = /bin/sh;
			shellScript = "python3 compile_shaders.py\n";
		};
/* End PBXShellScriptBuildPhase section */

/* Begin PBXSourcesBuildPhase section */
		001D32B3238217CF001A68C7 /* Sources */ = {
			isa = PBXSourcesBuildPhase;
			buildActionMask = 2147483647;
			files = (
				0076593123D9C2520077EE10 /* graphics_create.cpp in Sources */,
				0076592F23D9C2520077EE10 /* GraphicsPipeline.cpp in Sources */,
				0076592D23D9C2520077EE10 /* scene.cpp in Sources */,
				0076592923D9C2520077EE10 /* graphics_misc.cpp in Sources */,
				0076593323D9C2520077EE10 /* DrawCall.cpp in Sources */,
				0076592723D9C2520077EE10 /* graphics_get.cpp in Sources */,
				0076593523D9C2520077EE10 /* main.cpp in Sources */,
				0076592B23D9C2520077EE10 /* input.cpp in Sources */,
			);
			runOnlyForDeploymentPostprocessing = 0;
		};
		008D37E3238F16AB00336F14 /* Sources */ = {
			isa = PBXSourcesBuildPhase;
			buildActionMask = 2147483647;
			files = (
				0076593223D9C2520077EE10 /* graphics_create.cpp in Sources */,
				0076593023D9C2520077EE10 /* GraphicsPipeline.cpp in Sources */,
				0076592E23D9C2520077EE10 /* scene.cpp in Sources */,
				0076592A23D9C2520077EE10 /* graphics_misc.cpp in Sources */,
				0076593423D9C2520077EE10 /* DrawCall.cpp in Sources */,
				0076592823D9C2520077EE10 /* graphics_get.cpp in Sources */,
				0076593623D9C2520077EE10 /* main.cpp in Sources */,
				0076592C23D9C2520077EE10 /* input.cpp in Sources */,
			);
			runOnlyForDeploymentPostprocessing = 0;
		};
/* End PBXSourcesBuildPhase section */

/* Begin XCBuildConfiguration section */
		001D32C6238217D1001A68C7 /* Debug */ = {
			isa = XCBuildConfiguration;
			buildSettings = {
				ALWAYS_SEARCH_USER_PATHS = NO;
				CLANG_ANALYZER_NONNULL = YES;
				CLANG_ANALYZER_NUMBER_OBJECT_CONVERSION = YES_AGGRESSIVE;
				CLANG_CXX_LANGUAGE_STANDARD = "gnu++14";
				CLANG_CXX_LIBRARY = "libc++";
				CLANG_ENABLE_MODULES = YES;
				CLANG_ENABLE_OBJC_ARC = YES;
				CLANG_ENABLE_OBJC_WEAK = YES;
				CLANG_WARN_BLOCK_CAPTURE_AUTORELEASING = YES;
				CLANG_WARN_BOOL_CONVERSION = YES;
				CLANG_WARN_COMMA = YES;
				CLANG_WARN_CONSTANT_CONVERSION = YES;
				CLANG_WARN_DEPRECATED_OBJC_IMPLEMENTATIONS = YES;
				CLANG_WARN_DIRECT_OBJC_ISA_USAGE = YES_ERROR;
				CLANG_WARN_DOCUMENTATION_COMMENTS = YES;
				CLANG_WARN_EMPTY_BODY = YES;
				CLANG_WARN_ENUM_CONVERSION = YES;
				CLANG_WARN_INFINITE_RECURSION = YES;
				CLANG_WARN_INT_CONVERSION = YES;
				CLANG_WARN_NON_LITERAL_NULL_CONVERSION = YES;
				CLANG_WARN_OBJC_IMPLICIT_RETAIN_SELF = YES;
				CLANG_WARN_OBJC_LITERAL_CONVERSION = YES;
				CLANG_WARN_OBJC_ROOT_CLASS = YES_ERROR;
				CLANG_WARN_RANGE_LOOP_ANALYSIS = YES;
				CLANG_WARN_STRICT_PROTOTYPES = YES;
				CLANG_WARN_SUSPICIOUS_MOVE = YES;
				CLANG_WARN_UNGUARDED_AVAILABILITY = YES_AGGRESSIVE;
				CLANG_WARN_UNREACHABLE_CODE = YES;
				CLANG_WARN__DUPLICATE_METHOD_MATCH = YES;
				COPY_PHASE_STRIP = NO;
				DEBUG_INFORMATION_FORMAT = dwarf;
				ENABLE_STRICT_OBJC_MSGSEND = YES;
				ENABLE_TESTABILITY = YES;
				GCC_C_LANGUAGE_STANDARD = gnu11;
				GCC_DYNAMIC_NO_PIC = NO;
				GCC_NO_COMMON_BLOCKS = YES;
				GCC_OPTIMIZATION_LEVEL = 0;
				GCC_PREPROCESSOR_DEFINITIONS = (
					"DEBUG=1",
					"$(inherited)",
				);
				GCC_WARN_64_TO_32_BIT_CONVERSION = YES;
				GCC_WARN_ABOUT_RETURN_TYPE = YES_ERROR;
				GCC_WARN_UNDECLARED_SELECTOR = YES;
				GCC_WARN_UNINITIALIZED_AUTOS = YES_AGGRESSIVE;
				GCC_WARN_UNUSED_FUNCTION = YES;
				GCC_WARN_UNUSED_VARIABLE = YES;
				MACOSX_DEPLOYMENT_TARGET = 10.13;
				MTL_ENABLE_DEBUG_INFO = INCLUDE_SOURCE;
				MTL_FAST_MATH = YES;
				ONLY_ACTIVE_ARCH = YES;
				SDKROOT = macosx;
			};
			name = Debug;
		};
		001D32C7238217D1001A68C7 /* Release */ = {
			isa = XCBuildConfiguration;
			buildSettings = {
				ALWAYS_SEARCH_USER_PATHS = NO;
				CLANG_ANALYZER_NONNULL = YES;
				CLANG_ANALYZER_NUMBER_OBJECT_CONVERSION = YES_AGGRESSIVE;
				CLANG_CXX_LANGUAGE_STANDARD = "gnu++14";
				CLANG_CXX_LIBRARY = "libc++";
				CLANG_ENABLE_MODULES = YES;
				CLANG_ENABLE_OBJC_ARC = YES;
				CLANG_ENABLE_OBJC_WEAK = YES;
				CLANG_WARN_BLOCK_CAPTURE_AUTORELEASING = YES;
				CLANG_WARN_BOOL_CONVERSION = YES;
				CLANG_WARN_COMMA = YES;
				CLANG_WARN_CONSTANT_CONVERSION = YES;
				CLANG_WARN_DEPRECATED_OBJC_IMPLEMENTATIONS = YES;
				CLANG_WARN_DIRECT_OBJC_ISA_USAGE = YES_ERROR;
				CLANG_WARN_DOCUMENTATION_COMMENTS = YES;
				CLANG_WARN_EMPTY_BODY = YES;
				CLANG_WARN_ENUM_CONVERSION = YES;
				CLANG_WARN_INFINITE_RECURSION = YES;
				CLANG_WARN_INT_CONVERSION = YES;
				CLANG_WARN_NON_LITERAL_NULL_CONVERSION = YES;
				CLANG_WARN_OBJC_IMPLICIT_RETAIN_SELF = YES;
				CLANG_WARN_OBJC_LITERAL_CONVERSION = YES;
				CLANG_WARN_OBJC_ROOT_CLASS = YES_ERROR;
				CLANG_WARN_RANGE_LOOP_ANALYSIS = YES;
				CLANG_WARN_STRICT_PROTOTYPES = YES;
				CLANG_WARN_SUSPICIOUS_MOVE = YES;
				CLANG_WARN_UNGUARDED_AVAILABILITY = YES_AGGRESSIVE;
				CLANG_WARN_UNREACHABLE_CODE = YES;
				CLANG_WARN__DUPLICATE_METHOD_MATCH = YES;
				COPY_PHASE_STRIP = NO;
				DEBUG_INFORMATION_FORMAT = "dwarf-with-dsym";
				ENABLE_NS_ASSERTIONS = NO;
				ENABLE_STRICT_OBJC_MSGSEND = YES;
				GCC_C_LANGUAGE_STANDARD = gnu11;
				GCC_NO_COMMON_BLOCKS = YES;
				GCC_WARN_64_TO_32_BIT_CONVERSION = YES;
				GCC_WARN_ABOUT_RETURN_TYPE = YES_ERROR;
				GCC_WARN_UNDECLARED_SELECTOR = YES;
				GCC_WARN_UNINITIALIZED_AUTOS = YES_AGGRESSIVE;
				GCC_WARN_UNUSED_FUNCTION = YES;
				GCC_WARN_UNUSED_VARIABLE = YES;
				MACOSX_DEPLOYMENT_TARGET = 10.13;
				MTL_ENABLE_DEBUG_INFO = NO;
				MTL_FAST_MATH = YES;
				SDKROOT = macosx;
			};
			name = Release;
		};
		001D32C9238217D1001A68C7 /* Debug */ = {
			isa = XCBuildConfiguration;
			buildSettings = {
				ASSETCATALOG_COMPILER_APPICON_NAME = AppIcon;
				CODE_SIGN_ENTITLEMENTS = "";
				CODE_SIGN_IDENTITY = "-";
				CODE_SIGN_STYLE = Automatic;
				COMBINE_HIDPI_IMAGES = YES;
				DEVELOPMENT_TEAM = "";
				FRAMEWORK_SEARCH_PATHS = (
					"$(inherited)",
					"$(PROJECT_DIR)",
					"$(PROJECT_DIR)/LightAndShadow",
				);
				HEADER_SEARCH_PATHS = "../../libs/glm-0.9.9.6";
				INFOPLIST_FILE = LightAndShadow/Info.plist;
				LD_RUNPATH_SEARCH_PATHS = (
					"$(inherited)",
					"@executable_path/../Frameworks",
				);
				PRODUCT_BUNDLE_IDENTIFIER = RobinWragg.LightAndShadow;
				PRODUCT_NAME = "$(TARGET_NAME)";
				PROVISIONING_PROFILE_SPECIFIER = "";
			};
			name = Debug;
		};
		001D32CA238217D1001A68C7 /* Release */ = {
			isa = XCBuildConfiguration;
			buildSettings = {
				ASSETCATALOG_COMPILER_APPICON_NAME = AppIcon;
				CODE_SIGN_ENTITLEMENTS = "";
				CODE_SIGN_IDENTITY = "-";
				CODE_SIGN_STYLE = Automatic;
				COMBINE_HIDPI_IMAGES = YES;
				DEVELOPMENT_TEAM = "";
				FRAMEWORK_SEARCH_PATHS = (
					"$(inherited)",
					"$(PROJECT_DIR)",
					"$(PROJECT_DIR)/LightAndShadow",
				);
				HEADER_SEARCH_PATHS = "../../libs/glm-0.9.9.6";
				INFOPLIST_FILE = LightAndShadow/Info.plist;
				LD_RUNPATH_SEARCH_PATHS = (
					"$(inherited)",
					"@executable_path/../Frameworks",
				);
				PRODUCT_BUNDLE_IDENTIFIER = RobinWragg.LightAndShadow;
				PRODUCT_NAME = "$(TARGET_NAME)";
				PROVISIONING_PROFILE_SPECIFIER = "";
			};
			name = Release;
		};
		008D37FB238F16AB00336F14 /* Debug */ = {
			isa = XCBuildConfiguration;
			buildSettings = {
				ASSETCATALOG_COMPILER_APPICON_NAME = AppIcon;
				CODE_SIGN_ENTITLEMENTS = "";
				CODE_SIGN_IDENTITY = "-";
				CODE_SIGN_STYLE = Automatic;
				COMBINE_HIDPI_IMAGES = YES;
				DEVELOPMENT_TEAM = "";
				FRAMEWORK_SEARCH_PATHS = (
					"$(inherited)",
					"$(PROJECT_DIR)",
					"$(PROJECT_DIR)/LightAndShadow",
				);
				HEADER_SEARCH_PATHS = "../../libs/glm-0.9.9.6";
				INFOPLIST_FILE = "LightAndShadow - Debug copy-Info.plist";
				LD_RUNPATH_SEARCH_PATHS = (
					"$(inherited)",
					"@executable_path/../Frameworks",
				);
				PRODUCT_BUNDLE_IDENTIFIER = RobinWragg.LightAndShadow;
				PRODUCT_NAME = "$(TARGET_NAME)";
				PROVISIONING_PROFILE_SPECIFIER = "";
			};
			name = Debug;
		};
		008D37FC238F16AB00336F14 /* Release */ = {
			isa = XCBuildConfiguration;
			buildSettings = {
				ASSETCATALOG_COMPILER_APPICON_NAME = AppIcon;
				CODE_SIGN_ENTITLEMENTS = "";
				CODE_SIGN_IDENTITY = "-";
				CODE_SIGN_STYLE = Automatic;
				COMBINE_HIDPI_IMAGES = YES;
				DEVELOPMENT_TEAM = "";
				FRAMEWORK_SEARCH_PATHS = (
					"$(inherited)",
					"$(PROJECT_DIR)",
					"$(PROJECT_DIR)/LightAndShadow",
				);
				HEADER_SEARCH_PATHS = "../../libs/glm-0.9.9.6";
				INFOPLIST_FILE = "LightAndShadow - Debug copy-Info.plist";
				LD_RUNPATH_SEARCH_PATHS = (
					"$(inherited)",
					"@executable_path/../Frameworks",
				);
				PRODUCT_BUNDLE_IDENTIFIER = RobinWragg.LightAndShadow;
				PRODUCT_NAME = "$(TARGET_NAME)";
				PROVISIONING_PROFILE_SPECIFIER = "";
			};
			name = Release;
		};
/* End XCBuildConfiguration section */

/* Begin XCConfigurationList section */
		001D32B2238217CF001A68C7 /* Build configuration list for PBXProject "LightAndShadow" */ = {
			isa = XCConfigurationList;
			buildConfigurations = (
				001D32C6238217D1001A68C7 /* Debug */,
				001D32C7238217D1001A68C7 /* Release */,
			);
			defaultConfigurationIsVisible = 0;
			defaultConfigurationName = Release;
		};
		001D32C8238217D1001A68C7 /* Build configuration list for PBXNativeTarget "Debug" */ = {
			isa = XCConfigurationList;
			buildConfigurations = (
				001D32C9238217D1001A68C7 /* Debug */,
				001D32CA238217D1001A68C7 /* Release */,
			);
			defaultConfigurationIsVisible = 0;
			defaultConfigurationName = Release;
		};
		008D37FA238F16AB00336F14 /* Build configuration list for PBXNativeTarget "Release" */ = {
			isa = XCConfigurationList;
			buildConfigurations = (
				008D37FB238F16AB00336F14 /* Debug */,
				008D37FC238F16AB00336F14 /* Release */,
			);
			defaultConfigurationIsVisible = 0;
			defaultConfigurationName = Release;
		};
/* End XCConfigurationList section */
	};
	rootObject = 001D32AF238217CF001A68C7 /* Project object */;
}
